
Microsoft Visual Studio Solution File, Format Version 12.00
# Visual Studio Version 16
VisualStudioVersion = 16.0.31727.386
MinimumVisualStudioVersion = 10.0.40219.1
Project("{9A19103F-16F7-4668-BE54-9A1E7A4F7556}") = "UnitTestPracticeHomework", "UnitTestPracticeHomework\UnitTestPracticeHomework.csproj", "{91DC096A-96F0-4EA2-BBDC-96FAEC5C0014}"
EndProject
Project("{FAE04EC0-301F-11D3-BF4B-00C04F79EFBC}") = "UnitTestPracticeHomeworkCore.Tests", "UnitTestPracticeHomeworkCore.Tests\UnitTestPracticeHomeworkCore.Tests.csproj", "{DCC8895F-7285-4CAE-A241-BA05A988DA9D}"
EndProject
Global
	GlobalSection(SolutionConfigurationPlatforms) = preSolution
		Debug|Any CPU = Debug|Any CPU
		Release|Any CPU = Release|Any CPU
	EndGlobalSection
	GlobalSection(ProjectConfigurationPlatforms) = postSolution
		{91DC096A-96F0-4EA2-BBDC-96FAEC5C0014}.Debug|Any CPU.ActiveCfg = Debug|Any CPU
		{91DC096A-96F0-4EA2-BBDC-96FAEC5C0014}.Debug|Any CPU.Build.0 = Debug|Any CPU
		{91DC096A-96F0-4EA2-BBDC-96FAEC5C0014}.Release|Any CPU.ActiveCfg = Release|Any CPU
		{91DC096A-96F0-4EA2-BBDC-96FAEC5C0014}.Release|Any CPU.Build.0 = Release|Any CPU
		{DCC8895F-7285-4CAE-A241-BA05A988DA9D}.Debug|Any CPU.ActiveCfg = Debug|Any CPU
		{DCC8895F-7285-4CAE-A241-BA05A988DA9D}.Debug|Any CPU.Build.0 = Debug|Any CPU
		{DCC8895F-7285-4CAE-A241-BA05A988DA9D}.Release|Any CPU.ActiveCfg = Release|Any CPU
		{DCC8895F-7285-4CAE-A241-BA05A988DA9D}.Release|Any CPU.Build.0 = Release|Any CPU
	EndGlobalSection
	GlobalSection(SolutionProperties) = preSolution
		HideSolutionNode = FALSE
	EndGlobalSection
	GlobalSection(ExtensibilityGlobals) = postSolution
		SolutionGuid = {7D2D1BBC-5B1D-46B9-ACDE-9059A71DE0DA}
	EndGlobalSection
EndGlobal
